
Microsoft Visual Studio Solution File, Format Version 12.00
# Visual Studio 15
Project("{FAE04EC0-301F-11D3-BF4B-00C04F79EFBC}") = "Assembly-CSharp-Editor", "Assembly-CSharp-Editor.csproj", "{BE21E63A-13F1-5399-A3EA-BA8B3487EE02}"
EndProject
Project("{FAE04EC0-301F-11D3-BF4B-00C04F79EFBC}") = "Assembly-CSharp", "Assembly-CSharp.csproj", "{EEF2DCA2-38D0-2CFB-DA00-70493CD30B3E}"
EndProject
Global
	GlobalSection(SolutionConfigurationPlatforms) = preSolution
		Debug|Any CPU = Debug|Any CPU
		Release|Any CPU = Release|Any CPU
	EndGlobalSection
	GlobalSection(ProjectConfigurationPlatforms) = postSolution
		{BE21E63A-13F1-5399-A3EA-BA8B3487EE02}.Debug|Any CPU.ActiveCfg = Debug|Any CPU
		{BE21E63A-13F1-5399-A3EA-BA8B3487EE02}.Debug|Any CPU.Build.0 = Debug|Any CPU
		{BE21E63A-13F1-5399-A3EA-BA8B3487EE02}.Release|Any CPU.ActiveCfg = Release|Any CPU
		{BE21E63A-13F1-5399-A3EA-BA8B3487EE02}.Release|Any CPU.Build.0 = Release|Any CPU
		{EEF2DCA2-38D0-2CFB-DA00-70493CD30B3E}.Debug|Any CPU.ActiveCfg = Debug|Any CPU
		{EEF2DCA2-38D0-2CFB-DA00-70493CD30B3E}.Debug|Any CPU.Build.0 = Debug|Any CPU
		{EEF2DCA2-38D0-2CFB-DA00-70493CD30B3E}.Release|Any CPU.ActiveCfg = Release|Any CPU
		{EEF2DCA2-38D0-2CFB-DA00-70493CD30B3E}.Release|Any CPU.Build.0 = Release|Any CPU
	EndGlobalSection
	GlobalSection(SolutionProperties) = preSolution
		HideSolutionNode = FALSE
	EndGlobalSection
EndGlobal
